<Solution>
  <Folder Name="/DAL/">
    <Project Path="Deadliner.DAL/Deadliner.DAL.csproj" />
  </Folder>
  <Folder Name="/Domain/">
    <Project Path="Deadliner.Domain/Deadliner.Domain.csproj" />
  </Folder>
  <Folder Name="/Service/">
    <Project Path="Deadliner.Service/Deadliner.Service.csproj" />
  </Folder>
  <Folder Name="/Telegram/">
    <Project Path="TelegramBot/TelegramBot.csproj" Id="41b962a3-1e44-41db-876f-fd7d53a44db5" />
  </Folder>
  <Project Path="Deadliner/Deadliner.ASP.csproj" />
</Solution>
